
Microsoft Visual Studio Solution File, Format Version 12.00
# Visual Studio Version 17
VisualStudioVersion = 17.13.35919.96 d17.13
MinimumVisualStudioVersion = 10.0.40219.1
Project("{FAE04EC0-301F-11D3-BF4B-00C04F79EFBC}") = "AutoConnectLinkedIn", "AutoConnectLinkedIn.csproj", "{9406543D-5F86-414E-BF88-01AC05B4769D}"
EndProject
Global
	GlobalSection(SolutionConfigurationPlatforms) = preSolution
		Debug|Any CPU = Debug|Any CPU
		Release|Any CPU = Release|Any CPU
	EndGlobalSection
	GlobalSection(ProjectConfigurationPlatforms) = postSolution
		{9406543D-5F86-414E-BF88-01AC05B4769D}.Debug|Any CPU.ActiveCfg = Debug|Any CPU
		{9406543D-5F86-414E-BF88-01AC05B4769D}.Debug|Any CPU.Build.0 = Debug|Any CPU
		{9406543D-5F86-414E-BF88-01AC05B4769D}.Release|Any CPU.ActiveCfg = Release|Any CPU
		{9406543D-5F86-414E-BF88-01AC05B4769D}.Release|Any CPU.Build.0 = Release|Any CPU
	EndGlobalSection
	GlobalSection(SolutionProperties) = preSolution
		HideSolutionNode = FALSE
	EndGlobalSection
	GlobalSection(ExtensibilityGlobals) = postSolution
		SolutionGuid = {EB172E90-9C1B-4677-BFAE-B701F3CCB2A3}
	EndGlobalSection
EndGlobal
